// !$*UTF8*$!
{
	archiveVersion = 1;
	classes = {
	};
	objectVersion = 50;
	objects = {

/* Begin PBXBuildFile section */
		1907B2202090853800A5275F /* AppDelegate.swift in Sources */ = {isa = PBXBuildFile; fileRef = 1907B21F2090853800A5275F /* AppDelegate.swift */; };
		1907B2222090853800A5275F /* RootViewController.swift in Sources */ = {isa = PBXBuildFile; fileRef = 1907B2212090853800A5275F /* RootViewController.swift */; };
		1907B2242090853800A5275F /* DataViewController.swift in Sources */ = {isa = PBXBuildFile; fileRef = 1907B2232090853800A5275F /* DataViewController.swift */; };
		1907B2262090853800A5275F /* ModelController.swift in Sources */ = {isa = PBXBuildFile; fileRef = 1907B2252090853800A5275F /* ModelController.swift */; };
		1907B2292090853800A5275F /* Main.storyboard in Resources */ = {isa = PBXBuildFile; fileRef = 1907B2272090853800A5275F /* Main.storyboard */; };
		1907B22B2090853900A5275F /* Assets.xcassets in Resources */ = {isa = PBXBuildFile; fileRef = 1907B22A2090853900A5275F /* Assets.xcassets */; };
		1907B22E2090853900A5275F /* LaunchScreen.storyboard in Resources */ = {isa = PBXBuildFile; fileRef = 1907B22C2090853900A5275F /* LaunchScreen.storyboard */; };
		1907B2392090853900A5275F /* njoiTests.swift in Sources */ = {isa = PBXBuildFile; fileRef = 1907B2382090853900A5275F /* njoiTests.swift */; };
		1907B2442090853A00A5275F /* njoiUITests.swift in Sources */ = {isa = PBXBuildFile; fileRef = 1907B2432090853A00A5275F /* njoiUITests.swift */; };
/* End PBXBuildFile section */

/* Begin PBXContainerItemProxy section */
		1907B2352090853900A5275F /* PBXContainerItemProxy */ = {
			isa = PBXContainerItemProxy;
			containerPortal = 1907B2142090853800A5275F /* Project object */;
			proxyType = 1;
			remoteGlobalIDString = 1907B21B2090853800A5275F;
			remoteInfo = njoi;
		};
		1907B2402090853A00A5275F /* PBXContainerItemProxy */ = {
			isa = PBXContainerItemProxy;
			containerPortal = 1907B2142090853800A5275F /* Project object */;
			proxyType = 1;
			remoteGlobalIDString = 1907B21B2090853800A5275F;
			remoteInfo = njoi;
		};
/* End PBXContainerItemProxy section */

/* Begin PBXFileReference section */
		1907B21C2090853800A5275F /* njoi.app */ = {isa = PBXFileReference; explicitFileType = wrapper.application; includeInIndex = 0; path = njoi.app; sourceTree = BUILT_PRODUCTS_DIR; };
		1907B21F2090853800A5275F /* AppDelegate.swift */ = {isa = PBXFileReference; lastKnownFileType = sourcecode.swift; path = AppDelegate.swift; sourceTree = "<group>"; };
		1907B2212090853800A5275F /* RootViewController.swift */ = {isa = PBXFileReference; lastKnownFileType = sourcecode.swift; path = RootViewController.swift; sourceTree = "<group>"; };
		1907B2232090853800A5275F /* DataViewController.swift */ = {isa = PBXFileReference; lastKnownFileType = sourcecode.swift; path = DataViewController.swift; sourceTree = "<group>"; };
		1907B2252090853800A5275F /* ModelController.swift */ = {isa = PBXFileReference; lastKnownFileType = sourcecode.swift; path = ModelController.swift; sourceTree = "<group>"; };
		1907B2282090853800A5275F /* Base */ = {isa = PBXFileReference; lastKnownFileType = file.storyboard; name = Base; path = Base.lproj/Main.storyboard; sourceTree = "<group>"; };
		1907B22A2090853900A5275F /* Assets.xcassets */ = {isa = PBXFileReference; lastKnownFileType = folder.assetcatalog; path = Assets.xcassets; sourceTree = "<group>"; };
		1907B22D2090853900A5275F /* Base */ = {isa = PBXFileReference; lastKnownFileType = file.storyboard; name = Base; path = Base.lproj/LaunchScreen.storyboard; sourceTree = "<group>"; };
		1907B22F2090853900A5275F /* Info.plist */ = {isa = PBXFileReference; lastKnownFileType = text.plist.xml; path = Info.plist; sourceTree = "<group>"; };
		1907B2342090853900A5275F /* njoiTests.xctest */ = {isa = PBXFileReference; explicitFileType = wrapper.cfbundle; includeInIndex = 0; path = njoiTests.xctest; sourceTree = BUILT_PRODUCTS_DIR; };
		1907B2382090853900A5275F /* njoiTests.swift */ = {isa = PBXFileReference; lastKnownFileType = sourcecode.swift; path = njoiTests.swift; sourceTree = "<group>"; };
		1907B23A2090853A00A5275F /* Info.plist */ = {isa = PBXFileReference; lastKnownFileType = text.plist.xml; path = Info.plist; sourceTree = "<group>"; };
		1907B23F2090853A00A5275F /* njoiUITests.xctest */ = {isa = PBXFileReference; explicitFileType = wrapper.cfbundle; includeInIndex = 0; path = njoiUITests.xctest; sourceTree = BUILT_PRODUCTS_DIR; };
		1907B2432090853A00A5275F /* njoiUITests.swift */ = {isa = PBXFileReference; lastKnownFileType = sourcecode.swift; path = njoiUITests.swift; sourceTree = "<group>"; };
		1907B2452090853A00A5275F /* Info.plist */ = {isa = PBXFileReference; lastKnownFileType = text.plist.xml; path = Info.plist; sourceTree = "<group>"; };
/* End PBXFileReference section */

/* Begin PBXFrameworksBuildPhase section */
		1907B2192090853800A5275F /* Frameworks */ = {
			isa = PBXFrameworksBuildPhase;
			buildActionMask = 2147483647;
			files = (
			);
			runOnlyForDeploymentPostprocessing = 0;
		};
		1907B2312090853900A5275F /* Frameworks */ = {
			isa = PBXFrameworksBuildPhase;
			buildActionMask = 2147483647;
			files = (
			);
			runOnlyForDeploymentPostprocessing = 0;
		};
		1907B23C2090853A00A5275F /* Frameworks */ = {
			isa = PBXFrameworksBuildPhase;
			buildActionMask = 2147483647;
			files = (
			);
			runOnlyForDeploymentPostprocessing = 0;
		};
/* End PBXFrameworksBuildPhase section */

/* Begin PBXGroup section */
		1907B2132090853800A5275F = {
			isa = PBXGroup;
			children = (
				1907B21E2090853800A5275F /* njoi */,
				1907B2372090853900A5275F /* njoiTests */,
				1907B2422090853A00A5275F /* njoiUITests */,
				1907B21D2090853800A5275F /* Products */,
			);
			sourceTree = "<group>";
		};
		1907B21D2090853800A5275F /* Products */ = {
			isa = PBXGroup;
			children = (
				1907B21C2090853800A5275F /* njoi.app */,
				1907B2342090853900A5275F /* njoiTests.xctest */,
				1907B23F2090853A00A5275F /* njoiUITests.xctest */,
			);
			name = Products;
			sourceTree = "<group>";
		};
		1907B21E2090853800A5275F /* njoi */ = {
			isa = PBXGroup;
			children = (
				1907B21F2090853800A5275F /* AppDelegate.swift */,
				1907B2212090853800A5275F /* RootViewController.swift */,
				1907B2232090853800A5275F /* DataViewController.swift */,
				1907B2252090853800A5275F /* ModelController.swift */,
				1907B2272090853800A5275F /* Main.storyboard */,
				1907B22A2090853900A5275F /* Assets.xcassets */,
				1907B22C2090853900A5275F /* LaunchScreen.storyboard */,
				1907B22F2090853900A5275F /* Info.plist */,
			);
			path = njoi;
			sourceTree = "<group>";
		};
		1907B2372090853900A5275F /* njoiTests */ = {
			isa = PBXGroup;
			children = (
				1907B2382090853900A5275F /* njoiTests.swift */,
				1907B23A2090853A00A5275F /* Info.plist */,
			);
			path = njoiTests;
			sourceTree = "<group>";
		};
		1907B2422090853A00A5275F /* njoiUITests */ = {
			isa = PBXGroup;
			children = (
				1907B2432090853A00A5275F /* njoiUITests.swift */,
				1907B2452090853A00A5275F /* Info.plist */,
			);
			path = njoiUITests;
			sourceTree = "<group>";
		};
/* End PBXGroup section */

/* Begin PBXNativeTarget section */
		1907B21B2090853800A5275F /* njoi */ = {
			isa = PBXNativeTarget;
			buildConfigurationList = 1907B2482090853A00A5275F /* Build configuration list for PBXNativeTarget "njoi" */;
			buildPhases = (
				1907B2182090853800A5275F /* Sources */,
				1907B2192090853800A5275F /* Frameworks */,
				1907B21A2090853800A5275F /* Resources */,
			);
			buildRules = (
			);
			dependencies = (
			);
			name = njoi;
			productName = njoi;
			productReference = 1907B21C2090853800A5275F /* njoi.app */;
			productType = "com.apple.product-type.application";
		};
		1907B2332090853900A5275F /* njoiTests */ = {
			isa = PBXNativeTarget;
			buildConfigurationList = 1907B24B2090853A00A5275F /* Build configuration list for PBXNativeTarget "njoiTests" */;
			buildPhases = (
				1907B2302090853900A5275F /* Sources */,
				1907B2312090853900A5275F /* Frameworks */,
				1907B2322090853900A5275F /* Resources */,
			);
			buildRules = (
			);
			dependencies = (
				1907B2362090853900A5275F /* PBXTargetDependency */,
			);
			name = njoiTests;
			productName = njoiTests;
			productReference = 1907B2342090853900A5275F /* njoiTests.xctest */;
			productType = "com.apple.product-type.bundle.unit-test";
		};
		1907B23E2090853A00A5275F /* njoiUITests */ = {
			isa = PBXNativeTarget;
			buildConfigurationList = 1907B24E2090853A00A5275F /* Build configuration list for PBXNativeTarget "njoiUITests" */;
			buildPhases = (
				1907B23B2090853A00A5275F /* Sources */,
				1907B23C2090853A00A5275F /* Frameworks */,
				1907B23D2090853A00A5275F /* Resources */,
			);
			buildRules = (
			);
			dependencies = (
				1907B2412090853A00A5275F /* PBXTargetDependency */,
			);
			name = njoiUITests;
			productName = njoiUITests;
			productReference = 1907B23F2090853A00A5275F /* njoiUITests.xctest */;
			productType = "com.apple.product-type.bundle.ui-testing";
		};
/* End PBXNativeTarget section */

/* Begin PBXProject section */
		1907B2142090853800A5275F /* Project object */ = {
			isa = PBXProject;
			attributes = {
				LastSwiftUpdateCheck = 0930;
				LastUpgradeCheck = 0930;
				ORGANIZATIONNAME = "José Manuel";
				TargetAttributes = {
					1907B21B2090853800A5275F = {
						CreatedOnToolsVersion = 9.3;
					};
					1907B2332090853900A5275F = {
						CreatedOnToolsVersion = 9.3;
						TestTargetID = 1907B21B2090853800A5275F;
					};
					1907B23E2090853A00A5275F = {
						CreatedOnToolsVersion = 9.3;
						TestTargetID = 1907B21B2090853800A5275F;
					};
				};
			};
			buildConfigurationList = 1907B2172090853800A5275F /* Build configuration list for PBXProject "njoi" */;
			compatibilityVersion = "Xcode 9.3";
			developmentRegion = en;
			hasScannedForEncodings = 0;
			knownRegions = (
				en,
				Base,
			);
			mainGroup = 1907B2132090853800A5275F;
			productRefGroup = 1907B21D2090853800A5275F /* Products */;
			projectDirPath = "";
			projectRoot = "";
			targets = (
				1907B21B2090853800A5275F /* njoi */,
				1907B2332090853900A5275F /* njoiTests */,
				1907B23E2090853A00A5275F /* njoiUITests */,
			);
		};
/* End PBXProject section */

/* Begin PBXResourcesBuildPhase section */
		1907B21A2090853800A5275F /* Resources */ = {
			isa = PBXResourcesBuildPhase;
			buildActionMask = 2147483647;
			files = (
				1907B22E2090853900A5275F /* LaunchScreen.storyboard in Resources */,
				1907B22B2090853900A5275F /* Assets.xcassets in Resources */,
				1907B2292090853800A5275F /* Main.storyboard in Resources */,
			);
			runOnlyForDeploymentPostprocessing = 0;
		};
		1907B2322090853900A5275F /* Resources */ = {
			isa = PBXResourcesBuildPhase;
			buildActionMask = 2147483647;
			files = (
			);
			runOnlyForDeploymentPostprocessing = 0;
		};
		1907B23D2090853A00A5275F /* Resources */ = {
			isa = PBXResourcesBuildPhase;
			buildActionMask = 2147483647;
			files = (
			);
			runOnlyForDeploymentPostprocessing = 0;
		};
/* End PBXResourcesBuildPhase section */

/* Begin PBXSourcesBuildPhase section */
		1907B2182090853800A5275F /* Sources */ = {
			isa = PBXSourcesBuildPhase;
			buildActionMask = 2147483647;
			files = (
				1907B2222090853800A5275F /* RootViewController.swift in Sources */,
				1907B2262090853800A5275F /* ModelController.swift in Sources */,
				1907B2242090853800A5275F /* DataViewController.swift in Sources */,
				1907B2202090853800A5275F /* AppDelegate.swift in Sources */,
			);
			runOnlyForDeploymentPostprocessing = 0;
		};
		1907B2302090853900A5275F /* Sources */ = {
			isa = PBXSourcesBuildPhase;
			buildActionMask = 2147483647;
			files = (
				1907B2392090853900A5275F /* njoiTests.swift in Sources */,
			);
			runOnlyForDeploymentPostprocessing = 0;
		};
		1907B23B2090853A00A5275F /* Sources */ = {
			isa = PBXSourcesBuildPhase;
			buildActionMask = 2147483647;
			files = (
				1907B2442090853A00A5275F /* njoiUITests.swift in Sources */,
			);
			runOnlyForDeploymentPostprocessing = 0;
		};
/* End PBXSourcesBuildPhase section */

/* Begin PBXTargetDependency section */
		1907B2362090853900A5275F /* PBXTargetDependency */ = {
			isa = PBXTargetDependency;
			target = 1907B21B2090853800A5275F /* njoi */;
			targetProxy = 1907B2352090853900A5275F /* PBXContainerItemProxy */;
		};
		1907B2412090853A00A5275F /* PBXTargetDependency */ = {
			isa = PBXTargetDependency;
			target = 1907B21B2090853800A5275F /* njoi */;
			targetProxy = 1907B2402090853A00A5275F /* PBXContainerItemProxy */;
		};
/* End PBXTargetDependency section */

/* Begin PBXVariantGroup section */
		1907B2272090853800A5275F /* Main.storyboard */ = {
			isa = PBXVariantGroup;
			children = (
				1907B2282090853800A5275F /* Base */,
			);
			name = Main.storyboard;
			sourceTree = "<group>";
		};
		1907B22C2090853900A5275F /* LaunchScreen.storyboard */ = {
			isa = PBXVariantGroup;
			children = (
				1907B22D2090853900A5275F /* Base */,
			);
			name = LaunchScreen.storyboard;
			sourceTree = "<group>";
		};
/* End PBXVariantGroup section */

/* Begin XCBuildConfiguration section */
		1907B2462090853A00A5275F /* Debug */ = {
			isa = XCBuildConfiguration;
			buildSettings = {
				ALWAYS_SEARCH_USER_PATHS = NO;
				CLANG_ANALYZER_NONNULL = YES;
				CLANG_ANALYZER_NUMBER_OBJECT_CONVERSION = YES_AGGRESSIVE;
				CLANG_CXX_LANGUAGE_STANDARD = "gnu++14";
				CLANG_CXX_LIBRARY = "libc++";
				CLANG_ENABLE_MODULES = YES;
				CLANG_ENABLE_OBJC_ARC = YES;
				CLANG_ENABLE_OBJC_WEAK = YES;
				CLANG_WARN_BLOCK_CAPTURE_AUTORELEASING = YES;
				CLANG_WARN_BOOL_CONVERSION = YES;
				CLANG_WARN_COMMA = YES;
				CLANG_WARN_CONSTANT_CONVERSION = YES;
				CLANG_WARN_DEPRECATED_OBJC_IMPLEMENTATIONS = YES;
				CLANG_WARN_DIRECT_OBJC_ISA_USAGE = YES_ERROR;
				CLANG_WARN_DOCUMENTATION_COMMENTS = YES;
				CLANG_WARN_EMPTY_BODY = YES;
				CLANG_WARN_ENUM_CONVERSION = YES;
				CLANG_WARN_INFINITE_RECURSION = YES;
				CLANG_WARN_INT_CONVERSION = YES;
				CLANG_WARN_NON_LITERAL_NULL_CONVERSION = YES;
				CLANG_WARN_OBJC_IMPLICIT_RETAIN_SELF = YES;
				CLANG_WARN_OBJC_LITERAL_CONVERSION = YES;
				CLANG_WARN_OBJC_ROOT_CLASS = YES_ERROR;
				CLANG_WARN_RANGE_LOOP_ANALYSIS = YES;
				CLANG_WARN_STRICT_PROTOTYPES = YES;
				CLANG_WARN_SUSPICIOUS_MOVE = YES;
				CLANG_WARN_UNGUARDED_AVAILABILITY = YES_AGGRESSIVE;
				CLANG_WARN_UNREACHABLE_CODE = YES;
				CLANG_WARN__DUPLICATE_METHOD_MATCH = YES;
				CODE_SIGN_IDENTITY = "iPhone Developer";
				COPY_PHASE_STRIP = NO;
				DEBUG_INFORMATION_FORMAT = dwarf;
				ENABLE_STRICT_OBJC_MSGSEND = YES;
				ENABLE_TESTABILITY = YES;
				GCC_C_LANGUAGE_STANDARD = gnu11;
				GCC_DYNAMIC_NO_PIC = NO;
				GCC_NO_COMMON_BLOCKS = YES;
				GCC_OPTIMIZATION_LEVEL = 0;
				GCC_PREPROCESSOR_DEFINITIONS = (
					"DEBUG=1",
					"$(inherited)",
				);
				GCC_WARN_64_TO_32_BIT_CONVERSION = YES;
				GCC_WARN_ABOUT_RETURN_TYPE = YES_ERROR;
				GCC_WARN_UNDECLARED_SELECTOR = YES;
				GCC_WARN_UNINITIALIZED_AUTOS = YES_AGGRESSIVE;
				GCC_WARN_UNUSED_FUNCTION = YES;
				GCC_WARN_UNUSED_VARIABLE = YES;
				IPHONEOS_DEPLOYMENT_TARGET = 11.3;
				MTL_ENABLE_DEBUG_INFO = YES;
				ONLY_ACTIVE_ARCH = YES;
				SDKROOT = iphoneos;
				SWIFT_ACTIVE_COMPILATION_CONDITIONS = DEBUG;
				SWIFT_OPTIMIZATION_LEVEL = "-Onone";
			};
			name = Debug;
		};
		1907B2472090853A00A5275F /* Release */ = {
			isa = XCBuildConfiguration;
			buildSettings = {
				ALWAYS_SEARCH_USER_PATHS = NO;
				CLANG_ANALYZER_NONNULL = YES;
				CLANG_ANALYZER_NUMBER_OBJECT_CONVERSION = YES_AGGRESSIVE;
				CLANG_CXX_LANGUAGE_STANDARD = "gnu++14";
				CLANG_CXX_LIBRARY = "libc++";
				CLANG_ENABLE_MODULES = YES;
				CLANG_ENABLE_OBJC_ARC = YES;
				CLANG_ENABLE_OBJC_WEAK = YES;
				CLANG_WARN_BLOCK_CAPTURE_AUTORELEASING = YES;
				CLANG_WARN_BOOL_CONVERSION = YES;
				CLANG_WARN_COMMA = YES;
				CLANG_WARN_CONSTANT_CONVERSION = YES;
				CLANG_WARN_DEPRECATED_OBJC_IMPLEMENTATIONS = YES;
				CLANG_WARN_DIRECT_OBJC_ISA_USAGE = YES_ERROR;
				CLANG_WARN_DOCUMENTATION_COMMENTS = YES;
				CLANG_WARN_EMPTY_BODY = YES;
				CLANG_WARN_ENUM_CONVERSION = YES;
				CLANG_WARN_INFINITE_RECURSION = YES;
				CLANG_WARN_INT_CONVERSION = YES;
				CLANG_WARN_NON_LITERAL_NULL_CONVERSION = YES;
				CLANG_WARN_OBJC_IMPLICIT_RETAIN_SELF = YES;
				CLANG_WARN_OBJC_LITERAL_CONVERSION = YES;
				CLANG_WARN_OBJC_ROOT_CLASS = YES_ERROR;
				CLANG_WARN_RANGE_LOOP_ANALYSIS = YES;
				CLANG_WARN_STRICT_PROTOTYPES = YES;
				CLANG_WARN_SUSPICIOUS_MOVE = YES;
				CLANG_WARN_UNGUARDED_AVAILABILITY = YES_AGGRESSIVE;
				CLANG_WARN_UNREACHABLE_CODE = YES;
				CLANG_WARN__DUPLICATE_METHOD_MATCH = YES;
				CODE_SIGN_IDENTITY = "iPhone Developer";
				COPY_PHASE_STRIP = NO;
				DEBUG_INFORMATION_FORMAT = "dwarf-with-dsym";
				ENABLE_NS_ASSERTIONS = NO;
				ENABLE_STRICT_OBJC_MSGSEND = YES;
				GCC_C_LANGUAGE_STANDARD = gnu11;
				GCC_NO_COMMON_BLOCKS = YES;
				GCC_WARN_64_TO_32_BIT_CONVERSION = YES;
				GCC_WARN_ABOUT_RETURN_TYPE = YES_ERROR;
				GCC_WARN_UNDECLARED_SELECTOR = YES;
				GCC_WARN_UNINITIALIZED_AUTOS = YES_AGGRESSIVE;
				GCC_WARN_UNUSED_FUNCTION = YES;
				GCC_WARN_UNUSED_VARIABLE = YES;
				IPHONEOS_DEPLOYMENT_TARGET = 11.3;
				MTL_ENABLE_DEBUG_INFO = NO;
				SDKROOT = iphoneos;
				SWIFT_COMPILATION_MODE = wholemodule;
				SWIFT_OPTIMIZATION_LEVEL = "-O";
				VALIDATE_PRODUCT = YES;
			};
			name = Release;
		};
		1907B2492090853A00A5275F /* Debug */ = {
			isa = XCBuildConfiguration;
			buildSettings = {
				ASSETCATALOG_COMPILER_APPICON_NAME = AppIcon;
				CODE_SIGN_STYLE = Automatic;
				INFOPLIST_FILE = njoi/Info.plist;
				LD_RUNPATH_SEARCH_PATHS = (
					"$(inherited)",
					"@executable_path/Frameworks",
				);
				PRODUCT_BUNDLE_IDENTIFIER = jmcode.njoi;
				PRODUCT_NAME = "$(TARGET_NAME)";
				SWIFT_VERSION = 4.0;
				TARGETED_DEVICE_FAMILY = "1,2";
			};
			name = Debug;
		};
		1907B24A2090853A00A5275F /* Release */ = {
			isa = XCBuildConfiguration;
			buildSettings = {
				ASSETCATALOG_COMPILER_APPICON_NAME = AppIcon;
				CODE_SIGN_STYLE = Automatic;
				INFOPLIST_FILE = njoi/Info.plist;
				LD_RUNPATH_SEARCH_PATHS = (
					"$(inherited)",
					"@executable_path/Frameworks",
				);
				PRODUCT_BUNDLE_IDENTIFIER = jmcode.njoi;
				PRODUCT_NAME = "$(TARGET_NAME)";
				SWIFT_VERSION = 4.0;
				TARGETED_DEVICE_FAMILY = "1,2";
			};
			name = Release;
		};
		1907B24C2090853A00A5275F /* Debug */ = {
			isa = XCBuildConfiguration;
			buildSettings = {
				ALWAYS_EMBED_SWIFT_STANDARD_LIBRARIES = YES;
				BUNDLE_LOADER = "$(TEST_HOST)";
				CODE_SIGN_STYLE = Automatic;
				INFOPLIST_FILE = njoiTests/Info.plist;
				LD_RUNPATH_SEARCH_PATHS = (
					"$(inherited)",
					"@executable_path/Frameworks",
					"@loader_path/Frameworks",
				);
				PRODUCT_BUNDLE_IDENTIFIER = jmcode.njoiTests;
				PRODUCT_NAME = "$(TARGET_NAME)";
				SWIFT_VERSION = 4.0;
				TARGETED_DEVICE_FAMILY = "1,2";
				TEST_HOST = "$(BUILT_PRODUCTS_DIR)/njoi.app/njoi";
			};
			name = Debug;
		};
		1907B24D2090853A00A5275F /* Release */ = {
			isa = XCBuildConfiguration;
			buildSettings = {
				ALWAYS_EMBED_SWIFT_STANDARD_LIBRARIES = YES;
				BUNDLE_LOADER = "$(TEST_HOST)";
				CODE_SIGN_STYLE = Automatic;
				INFOPLIST_FILE = njoiTests/Info.plist;
				LD_RUNPATH_SEARCH_PATHS = (
					"$(inherited)",
					"@executable_path/Frameworks",
					"@loader_path/Frameworks",
				);
				PRODUCT_BUNDLE_IDENTIFIER = jmcode.njoiTests;
				PRODUCT_NAME = "$(TARGET_NAME)";
				SWIFT_VERSION = 4.0;
				TARGETED_DEVICE_FAMILY = "1,2";
				TEST_HOST = "$(BUILT_PRODUCTS_DIR)/njoi.app/njoi";
			};
			name = Release;
		};
		1907B24F2090853A00A5275F /* Debug */ = {
			isa = XCBuildConfiguration;
			buildSettings = {
				ALWAYS_EMBED_SWIFT_STANDARD_LIBRARIES = YES;
				CODE_SIGN_STYLE = Automatic;
				INFOPLIST_FILE = njoiUITests/Info.plist;
				LD_RUNPATH_SEARCH_PATHS = (
					"$(inherited)",
					"@executable_path/Frameworks",
					"@loader_path/Frameworks",
				);
				PRODUCT_BUNDLE_IDENTIFIER = jmcode.njoiUITests;
				PRODUCT_NAME = "$(TARGET_NAME)";
				SWIFT_VERSION = 4.0;
				TARGETED_DEVICE_FAMILY = "1,2";
				TEST_TARGET_NAME = njoi;
			};
			name = Debug;
		};
		1907B2502090853A00A5275F /* Release */ = {
			isa = XCBuildConfiguration;
			buildSettings = {
				ALWAYS_EMBED_SWIFT_STANDARD_LIBRARIES = YES;
				CODE_SIGN_STYLE = Automatic;
				INFOPLIST_FILE = njoiUITests/Info.plist;
				LD_RUNPATH_SEARCH_PATHS = (
					"$(inherited)",
					"@executable_path/Frameworks",
					"@loader_path/Frameworks",
				);
				PRODUCT_BUNDLE_IDENTIFIER = jmcode.njoiUITests;
				PRODUCT_NAME = "$(TARGET_NAME)";
				SWIFT_VERSION = 4.0;
				TARGETED_DEVICE_FAMILY = "1,2";
				TEST_TARGET_NAME = njoi;
			};
			name = Release;
		};
/* End XCBuildConfiguration section */

/* Begin XCConfigurationList section */
		1907B2172090853800A5275F /* Build configuration list for PBXProject "njoi" */ = {
			isa = XCConfigurationList;
			buildConfigurations = (
				1907B2462090853A00A5275F /* Debug */,
				1907B2472090853A00A5275F /* Release */,
			);
			defaultConfigurationIsVisible = 0;
			defaultConfigurationName = Release;
		};
		1907B2482090853A00A5275F /* Build configuration list for PBXNativeTarget "njoi" */ = {
			isa = XCConfigurationList;
			buildConfigurations = (
				1907B2492090853A00A5275F /* Debug */,
				1907B24A2090853A00A5275F /* Release */,
			);
			defaultConfigurationIsVisible = 0;
			defaultConfigurationName = Release;
		};
		1907B24B2090853A00A5275F /* Build configuration list for PBXNativeTarget "njoiTests" */ = {
			isa = XCConfigurationList;
			buildConfigurations = (
				1907B24C2090853A00A5275F /* Debug */,
				1907B24D2090853A00A5275F /* Release */,
			);
			defaultConfigurationIsVisible = 0;
			defaultConfigurationName = Release;
		};
		1907B24E2090853A00A5275F /* Build configuration list for PBXNativeTarget "njoiUITests" */ = {
			isa = XCConfigurationList;
			buildConfigurations = (
				1907B24F2090853A00A5275F /* Debug */,
				1907B2502090853A00A5275F /* Release */,
			);
			defaultConfigurationIsVisible = 0;
			defaultConfigurationName = Release;
		};
/* End XCConfigurationList section */
	};
	rootObject = 1907B2142090853800A5275F /* Project object */;
}
